{
  "name": "dedlin",
  "lockfileVersion": 3,
  "requires": true,
  "packages": {
    "": {
      "dependencies": {
        "pnpm": "^7.28.0"
      }
    },
    "node_modules/pnpm": {
      "version": "7.28.0",
      "resolved": "https://registry.npmjs.org/pnpm/-/pnpm-7.28.0.tgz",
      "integrity": "sha512-nbuY07S2519jEjaV9KLjSFmOwh0b6KIViIdc/RCJkgco8SZa2+ikQQe4N3CfNn5By5BH0dKVbZ8Ox1Mw8wItSA==",
      "bin": {
        "pnpm": "bin/pnpm.cjs",
        "pnpx": "bin/pnpx.cjs"
      },
      "engines": {
        "node": ">=14.6"
      },
      "funding": {
        "url": "https://opencollective.com/pnpm"
      }
    }
  }
}
